Microsoft Visual Studio Solution File, Format Version 12.00
# Visual Studio Version 17
VisualStudioVersion = 17.5.2.0
MinimumVisualStudioVersion = 10.0.40219.1
Project("{2150E333-8FDC-42A3-9474-1A3956D46DE8}") = "backend", "backend", "{827E0CD3-B72D-47B6-A68D-7590B98EB39B}"
EndProject
Project("{FAE04EC0-301F-11D3-BF4B-00C04F79EFBC}") = "YesLocation.Api", "YesLocation.Api\YesLocation.Api.csproj", "{E91E3F35-2F42-580B-860A-BBA3B501895A}"
EndProject
Project("{FAE04EC0-301F-11D3-BF4B-00C04F79EFBC}") = "YesLocation.Application", "YesLocation.Application\YesLocation.Application.csproj", "{08342CE1-211B-3A8F-375B-29B2F1DED677}"
EndProject
Project("{FAE04EC0-301F-11D3-BF4B-00C04F79EFBC}") = "YesLocation.Domain", "YesLocation.Domain\YesLocation.Domain.csproj", "{A17E109F-2D0D-635A-D515-1CF6732B8EFA}"
EndProject
Project("{FAE04EC0-301F-11D3-BF4B-00C04F79EFBC}") = "YesLocation.Infrastructure", "YesLocation.Infrastructure\YesLocation.Infrastructure.csproj", "{6CC60C96-202C-19B0-5EF3-4F2F43DB4A66}"
EndProject
Project("{FAE04EC0-301F-11D3-BF4B-00C04F79EFBC}") = "YesLocation.Tests", "YesLocation.Tests\YesLocation.Tests.csproj", "{B281E0BF-FD70-6361-82D2-A85A99AA9EA7}"
EndProject
Global
	GlobalSection(SolutionConfigurationPlatforms) = preSolution
		Debug|Any CPU = Debug|Any CPU
		Release|Any CPU = Release|Any CPU
	EndGlobalSection
	GlobalSection(ProjectConfigurationPlatforms) = postSolution
		{E91E3F35-2F42-580B-860A-BBA3B501895A}.Debug|Any CPU.ActiveCfg = Debug|Any CPU
		{E91E3F35-2F42-580B-860A-BBA3B501895A}.Debug|Any CPU.Build.0 = Debug|Any CPU
		{E91E3F35-2F42-580B-860A-BBA3B501895A}.Release|Any CPU.ActiveCfg = Release|Any CPU
		{E91E3F35-2F42-580B-860A-BBA3B501895A}.Release|Any CPU.Build.0 = Release|Any CPU
		{08342CE1-211B-3A8F-375B-29B2F1DED677}.Debug|Any CPU.ActiveCfg = Debug|Any CPU
		{08342CE1-211B-3A8F-375B-29B2F1DED677}.Debug|Any CPU.Build.0 = Debug|Any CPU
		{08342CE1-211B-3A8F-375B-29B2F1DED677}.Release|Any CPU.ActiveCfg = Release|Any CPU
		{08342CE1-211B-3A8F-375B-29B2F1DED677}.Release|Any CPU.Build.0 = Release|Any CPU
		{A17E109F-2D0D-635A-D515-1CF6732B8EFA}.Debug|Any CPU.ActiveCfg = Debug|Any CPU
		{A17E109F-2D0D-635A-D515-1CF6732B8EFA}.Debug|Any CPU.Build.0 = Debug|Any CPU
		{A17E109F-2D0D-635A-D515-1CF6732B8EFA}.Release|Any CPU.ActiveCfg = Release|Any CPU
		{A17E109F-2D0D-635A-D515-1CF6732B8EFA}.Release|Any CPU.Build.0 = Release|Any CPU
		{6CC60C96-202C-19B0-5EF3-4F2F43DB4A66}.Debug|Any CPU.ActiveCfg = Debug|Any CPU
		{6CC60C96-202C-19B0-5EF3-4F2F43DB4A66}.Debug|Any CPU.Build.0 = Debug|Any CPU
		{6CC60C96-202C-19B0-5EF3-4F2F43DB4A66}.Release|Any CPU.ActiveCfg = Release|Any CPU
		{6CC60C96-202C-19B0-5EF3-4F2F43DB4A66}.Release|Any CPU.Build.0 = Release|Any CPU
		{B281E0BF-FD70-6361-82D2-A85A99AA9EA7}.Debug|Any CPU.ActiveCfg = Debug|Any CPU
		{B281E0BF-FD70-6361-82D2-A85A99AA9EA7}.Debug|Any CPU.Build.0 = Debug|Any CPU
		{B281E0BF-FD70-6361-82D2-A85A99AA9EA7}.Release|Any CPU.ActiveCfg = Release|Any CPU
		{B281E0BF-FD70-6361-82D2-A85A99AA9EA7}.Release|Any CPU.Build.0 = Release|Any CPU
	EndGlobalSection
	GlobalSection(SolutionProperties) = preSolution
		HideSolutionNode = FALSE
	EndGlobalSection
	GlobalSection(NestedProjects) = preSolution
		{E91E3F35-2F42-580B-860A-BBA3B501895A} = {827E0CD3-B72D-47B6-A68D-7590B98EB39B}
		{08342CE1-211B-3A8F-375B-29B2F1DED677} = {827E0CD3-B72D-47B6-A68D-7590B98EB39B}
		{A17E109F-2D0D-635A-D515-1CF6732B8EFA} = {827E0CD3-B72D-47B6-A68D-7590B98EB39B}
		{6CC60C96-202C-19B0-5EF3-4F2F43DB4A66} = {827E0CD3-B72D-47B6-A68D-7590B98EB39B}
		{B281E0BF-FD70-6361-82D2-A85A99AA9EA7} = {827E0CD3-B72D-47B6-A68D-7590B98EB39B}
	EndGlobalSection
	GlobalSection(ExtensibilityGlobals) = postSolution
		SolutionGuid = {F77344EC-6EA3-4901-87D5-BF2F02867FA3}
	EndGlobalSection
EndGlobal
